// !$*UTF8*$!
{
	archiveVersion = 1;
	classes = {
	};
	objectVersion = 55;
	objects = {

/* Begin PBXBuildFile section */
		29F14347692C32F9A84B9DF3 /* Pods_CarDownloadAssign.framework in Frameworks */ = {isa = PBXBuildFile; fileRef = B0DA7DE6601744CC564D5E16 /* Pods_CarDownloadAssign.framework */; };
		DC496D5627B8FE0200EF4CFF /* AppDelegate.swift in Sources */ = {isa = PBXBuildFile; fileRef = DC496D5527B8FE0200EF4CFF /* AppDelegate.swift */; };
		DC496D5827B8FE0200EF4CFF /* SceneDelegate.swift in Sources */ = {isa = PBXBuildFile; fileRef = DC496D5727B8FE0200EF4CFF /* SceneDelegate.swift */; };
		DC496D5A27B8FE0200EF4CFF /* ViewController.swift in Sources */ = {isa = PBXBuildFile; fileRef = DC496D5927B8FE0200EF4CFF /* ViewController.swift */; };
		DC496D5D27B8FE0200EF4CFF /* Main.storyboard in Resources */ = {isa = PBXBuildFile; fileRef = DC496D5B27B8FE0200EF4CFF /* Main.storyboard */; };
		DC496D5F27B8FE0300EF4CFF /* Assets.xcassets in Resources */ = {isa = PBXBuildFile; fileRef = DC496D5E27B8FE0300EF4CFF /* Assets.xcassets */; };
		DC496D6227B8FE0300EF4CFF /* LaunchScreen.storyboard in Resources */ = {isa = PBXBuildFile; fileRef = DC496D6027B8FE0300EF4CFF /* LaunchScreen.storyboard */; };
		DC496D6A27B9007700EF4CFF /* PhotoCollectionViewCell.swift in Sources */ = {isa = PBXBuildFile; fileRef = DC496D6927B9007700EF4CFF /* PhotoCollectionViewCell.swift */; };
		DC496D7027B902EF00EF4CFF /* NetworkManager.swift in Sources */ = {isa = PBXBuildFile; fileRef = DC496D6D27B902EF00EF4CFF /* NetworkManager.swift */; };
		DC496D7127B902EF00EF4CFF /* CarAPI.swift in Sources */ = {isa = PBXBuildFile; fileRef = DC496D6E27B902EF00EF4CFF /* CarAPI.swift */; };
		DC496D7427B9031500EF4CFF /* Car.swift in Sources */ = {isa = PBXBuildFile; fileRef = DC496D7327B9031500EF4CFF /* Car.swift */; };
/* End PBXBuildFile section */

/* Begin PBXFileReference section */
		75197259237DD11ACCBCC3BD /* Pods-CarDownloadAssign.debug.xcconfig */ = {isa = PBXFileReference; includeInIndex = 1; lastKnownFileType = text.xcconfig; name = "Pods-CarDownloadAssign.debug.xcconfig"; path = "Target Support Files/Pods-CarDownloadAssign/Pods-CarDownloadAssign.debug.xcconfig"; sourceTree = "<group>"; };
		AA448C3FC046B38B40911802 /* Pods-CarDownloadAssign.release.xcconfig */ = {isa = PBXFileReference; includeInIndex = 1; lastKnownFileType = text.xcconfig; name = "Pods-CarDownloadAssign.release.xcconfig"; path = "Target Support Files/Pods-CarDownloadAssign/Pods-CarDownloadAssign.release.xcconfig"; sourceTree = "<group>"; };
		B0DA7DE6601744CC564D5E16 /* Pods_CarDownloadAssign.framework */ = {isa = PBXFileReference; explicitFileType = wrapper.framework; includeInIndex = 0; path = Pods_CarDownloadAssign.framework; sourceTree = BUILT_PRODUCTS_DIR; };
		DC496D5227B8FE0200EF4CFF /* CarDownloadAssign.app */ = {isa = PBXFileReference; explicitFileType = wrapper.application; includeInIndex = 0; path = CarDownloadAssign.app; sourceTree = BUILT_PRODUCTS_DIR; };
		DC496D5527B8FE0200EF4CFF /* AppDelegate.swift */ = {isa = PBXFileReference; lastKnownFileType = sourcecode.swift; path = AppDelegate.swift; sourceTree = "<group>"; };
		DC496D5727B8FE0200EF4CFF /* SceneDelegate.swift */ = {isa = PBXFileReference; lastKnownFileType = sourcecode.swift; path = SceneDelegate.swift; sourceTree = "<group>"; };
		DC496D5927B8FE0200EF4CFF /* ViewController.swift */ = {isa = PBXFileReference; lastKnownFileType = sourcecode.swift; path = ViewController.swift; sourceTree = "<group>"; };
		DC496D5C27B8FE0200EF4CFF /* Base */ = {isa = PBXFileReference; lastKnownFileType = file.storyboard; name = Base; path = Base.lproj/Main.storyboard; sourceTree = "<group>"; };
		DC496D5E27B8FE0300EF4CFF /* Assets.xcassets */ = {isa = PBXFileReference; lastKnownFileType = folder.assetcatalog; path = Assets.xcassets; sourceTree = "<group>"; };
		DC496D6127B8FE0300EF4CFF /* Base */ = {isa = PBXFileReference; lastKnownFileType = file.storyboard; name = Base; path = Base.lproj/LaunchScreen.storyboard; sourceTree = "<group>"; };
		DC496D6327B8FE0300EF4CFF /* Info.plist */ = {isa = PBXFileReference; lastKnownFileType = text.plist.xml; path = Info.plist; sourceTree = "<group>"; };
		DC496D6927B9007700EF4CFF /* PhotoCollectionViewCell.swift */ = {isa = PBXFileReference; lastKnownFileType = sourcecode.swift; path = PhotoCollectionViewCell.swift; sourceTree = "<group>"; };
		DC496D6D27B902EF00EF4CFF /* NetworkManager.swift */ = {isa = PBXFileReference; fileEncoding = 4; lastKnownFileType = sourcecode.swift; path = NetworkManager.swift; sourceTree = "<group>"; };
		DC496D6E27B902EF00EF4CFF /* CarAPI.swift */ = {isa = PBXFileReference; fileEncoding = 4; lastKnownFileType = sourcecode.swift; path = CarAPI.swift; sourceTree = "<group>"; };
		DC496D7327B9031500EF4CFF /* Car.swift */ = {isa = PBXFileReference; fileEncoding = 4; lastKnownFileType = sourcecode.swift; path = Car.swift; sourceTree = "<group>"; };
/* End PBXFileReference section */

/* Begin PBXFrameworksBuildPhase section */
		DC496D4F27B8FE0200EF4CFF /* Frameworks */ = {
			isa = PBXFrameworksBuildPhase;
			buildActionMask = 2147483647;
			files = (
				29F14347692C32F9A84B9DF3 /* Pods_CarDownloadAssign.framework in Frameworks */,
			);
			runOnlyForDeploymentPostprocessing = 0;
		};
/* End PBXFrameworksBuildPhase section */

/* Begin PBXGroup section */
		BBE0EEE3C2AE69DE63B1E72E /* Pods */ = {
			isa = PBXGroup;
			children = (
				75197259237DD11ACCBCC3BD /* Pods-CarDownloadAssign.debug.xcconfig */,
				AA448C3FC046B38B40911802 /* Pods-CarDownloadAssign.release.xcconfig */,
			);
			name = Pods;
			path = Pods;
			sourceTree = "<group>";
		};
		DC496D4927B8FE0200EF4CFF = {
			isa = PBXGroup;
			children = (
				DC496D5427B8FE0200EF4CFF /* CarDownloadAssign */,
				DC496D5327B8FE0200EF4CFF /* Products */,
				BBE0EEE3C2AE69DE63B1E72E /* Pods */,
				E300E2170BA71C6D32B12362 /* Frameworks */,
			);
			sourceTree = "<group>";
		};
		DC496D5327B8FE0200EF4CFF /* Products */ = {
			isa = PBXGroup;
			children = (
				DC496D5227B8FE0200EF4CFF /* CarDownloadAssign.app */,
			);
			name = Products;
			sourceTree = "<group>";
		};
		DC496D5427B8FE0200EF4CFF /* CarDownloadAssign */ = {
			isa = PBXGroup;
			children = (
				DC496D5527B8FE0200EF4CFF /* AppDelegate.swift */,
				DC496D5727B8FE0200EF4CFF /* SceneDelegate.swift */,
				DC496D6B27B902EF00EF4CFF /* Network */,
				DC496D7227B9031500EF4CFF /* Model */,
				DC496D5927B8FE0200EF4CFF /* ViewController.swift */,
				DC496D6927B9007700EF4CFF /* PhotoCollectionViewCell.swift */,
				DC496D5B27B8FE0200EF4CFF /* Main.storyboard */,
				DC496D5E27B8FE0300EF4CFF /* Assets.xcassets */,
				DC496D6027B8FE0300EF4CFF /* LaunchScreen.storyboard */,
				DC496D6327B8FE0300EF4CFF /* Info.plist */,
			);
			path = CarDownloadAssign;
			sourceTree = "<group>";
		};
		DC496D6B27B902EF00EF4CFF /* Network */ = {
			isa = PBXGroup;
			children = (
				DC496D6D27B902EF00EF4CFF /* NetworkManager.swift */,
				DC496D6E27B902EF00EF4CFF /* CarAPI.swift */,
			);
			path = Network;
			sourceTree = "<group>";
		};
		DC496D7227B9031500EF4CFF /* Model */ = {
			isa = PBXGroup;
			children = (
				DC496D7327B9031500EF4CFF /* Car.swift */,
			);
			path = Model;
			sourceTree = "<group>";
		};
		E300E2170BA71C6D32B12362 /* Frameworks */ = {
			isa = PBXGroup;
			children = (
				B0DA7DE6601744CC564D5E16 /* Pods_CarDownloadAssign.framework */,
			);
			name = Frameworks;
			sourceTree = "<group>";
		};
/* End PBXGroup section */

/* Begin PBXNativeTarget section */
		DC496D5127B8FE0200EF4CFF /* CarDownloadAssign */ = {
			isa = PBXNativeTarget;
			buildConfigurationList = DC496D6627B8FE0300EF4CFF /* Build configuration list for PBXNativeTarget "CarDownloadAssign" */;
			buildPhases = (
				F9380168886547561654C602 /* [CP] Check Pods Manifest.lock */,
				DC496D4E27B8FE0200EF4CFF /* Sources */,
				DC496D4F27B8FE0200EF4CFF /* Frameworks */,
				DC496D5027B8FE0200EF4CFF /* Resources */,
				A4D6130AE6B5B869E7D9FFF8 /* [CP] Embed Pods Frameworks */,
			);
			buildRules = (
			);
			dependencies = (
			);
			name = CarDownloadAssign;
			productName = CarDownloadAssign;
			productReference = DC496D5227B8FE0200EF4CFF /* CarDownloadAssign.app */;
			productType = "com.apple.product-type.application";
		};
/* End PBXNativeTarget section */

/* Begin PBXProject section */
		DC496D4A27B8FE0200EF4CFF /* Project object */ = {
			isa = PBXProject;
			attributes = {
				BuildIndependentTargetsInParallel = 1;
				LastSwiftUpdateCheck = 1320;
				LastUpgradeCheck = 1320;
				TargetAttributes = {
					DC496D5127B8FE0200EF4CFF = {
						CreatedOnToolsVersion = 13.2.1;
					};
				};
			};
			buildConfigurationList = DC496D4D27B8FE0200EF4CFF /* Build configuration list for PBXProject "CarDownloadAssign" */;
			compatibilityVersion = "Xcode 13.0";
			developmentRegion = en;
			hasScannedForEncodings = 0;
			knownRegions = (
				en,
				Base,
			);
			mainGroup = DC496D4927B8FE0200EF4CFF;
			productRefGroup = DC496D5327B8FE0200EF4CFF /* Products */;
			projectDirPath = "";
			projectRoot = "";
			targets = (
				DC496D5127B8FE0200EF4CFF /* CarDownloadAssign */,
			);
		};
/* End PBXProject section */

/* Begin PBXResourcesBuildPhase section */
		DC496D5027B8FE0200EF4CFF /* Resources */ = {
			isa = PBXResourcesBuildPhase;
			buildActionMask = 2147483647;
			files = (
				DC496D6227B8FE0300EF4CFF /* LaunchScreen.storyboard in Resources */,
				DC496D5F27B8FE0300EF4CFF /* Assets.xcassets in Resources */,
				DC496D5D27B8FE0200EF4CFF /* Main.storyboard in Resources */,
			);
			runOnlyForDeploymentPostprocessing = 0;
		};
/* End PBXResourcesBuildPhase section */

/* Begin PBXShellScriptBuildPhase section */
		A4D6130AE6B5B869E7D9FFF8 /* [CP] Embed Pods Frameworks */ = {
			isa = PBXShellScriptBuildPhase;
			buildActionMask = 2147483647;
			files = (
			);
			inputFileListPaths = (
				"${PODS_ROOT}/Target Support Files/Pods-CarDownloadAssign/Pods-CarDownloadAssign-frameworks-${CONFIGURATION}-input-files.xcfilelist",
			);
			name = "[CP] Embed Pods Frameworks";
			outputFileListPaths = (
				"${PODS_ROOT}/Target Support Files/Pods-CarDownloadAssign/Pods-CarDownloadAssign-frameworks-${CONFIGURATION}-output-files.xcfilelist",
			);
			runOnlyForDeploymentPostprocessing = 0;
			shellPath = /bin/sh;
			shellScript = "\"${PODS_ROOT}/Target Support Files/Pods-CarDownloadAssign/Pods-CarDownloadAssign-frameworks.sh\"\n";
			showEnvVarsInLog = 0;
		};
		F9380168886547561654C602 /* [CP] Check Pods Manifest.lock */ = {
			isa = PBXShellScriptBuildPhase;
			buildActionMask = 2147483647;
			files = (
			);
			inputFileListPaths = (
			);
			inputPaths = (
				"${PODS_PODFILE_DIR_PATH}/Podfile.lock",
				"${PODS_ROOT}/Manifest.lock",
			);
			name = "[CP] Check Pods Manifest.lock";
			outputFileListPaths = (
			);
			outputPaths = (
				"$(DERIVED_FILE_DIR)/Pods-CarDownloadAssign-checkManifestLockResult.txt",
			);
			runOnlyForDeploymentPostprocessing = 0;
			shellPath = /bin/sh;
			shellScript = "diff \"${PODS_PODFILE_DIR_PATH}/Podfile.lock\" \"${PODS_ROOT}/Manifest.lock\" > /dev/null\nif [ $? != 0 ] ; then\n    # print error to STDERR\n    echo \"error: The sandbox is not in sync with the Podfile.lock. Run 'pod install' or update your CocoaPods installation.\" >&2\n    exit 1\nfi\n# This output is used by Xcode 'outputs' to avoid re-running this script phase.\necho \"SUCCESS\" > \"${SCRIPT_OUTPUT_FILE_0}\"\n";
			showEnvVarsInLog = 0;
		};
/* End PBXShellScriptBuildPhase section */

/* Begin PBXSourcesBuildPhase section */
		DC496D4E27B8FE0200EF4CFF /* Sources */ = {
			isa = PBXSourcesBuildPhase;
			buildActionMask = 2147483647;
			files = (
				DC496D7127B902EF00EF4CFF /* CarAPI.swift in Sources */,
				DC496D7027B902EF00EF4CFF /* NetworkManager.swift in Sources */,
				DC496D7427B9031500EF4CFF /* Car.swift in Sources */,
				DC496D5A27B8FE0200EF4CFF /* ViewController.swift in Sources */,
				DC496D6A27B9007700EF4CFF /* PhotoCollectionViewCell.swift in Sources */,
				DC496D5627B8FE0200EF4CFF /* AppDelegate.swift in Sources */,
				DC496D5827B8FE0200EF4CFF /* SceneDelegate.swift in Sources */,
			);
			runOnlyForDeploymentPostprocessing = 0;
		};
/* End PBXSourcesBuildPhase section */

/* Begin PBXVariantGroup section */
		DC496D5B27B8FE0200EF4CFF /* Main.storyboard */ = {
			isa = PBXVariantGroup;
			children = (
				DC496D5C27B8FE0200EF4CFF /* Base */,
			);
			name = Main.storyboard;
			sourceTree = "<group>";
		};
		DC496D6027B8FE0300EF4CFF /* LaunchScreen.storyboard */ = {
			isa = PBXVariantGroup;
			children = (
				DC496D6127B8FE0300EF4CFF /* Base */,
			);
			name = LaunchScreen.storyboard;
			sourceTree = "<group>";
		};
/* End PBXVariantGroup section */

/* Begin XCBuildConfiguration section */
		DC496D6427B8FE0300EF4CFF /* Debug */ = {
			isa = XCBuildConfiguration;
			buildSettings = {
				ALWAYS_SEARCH_USER_PATHS = NO;
				CLANG_ANALYZER_NONNULL = YES;
				CLANG_ANALYZER_NUMBER_OBJECT_CONVERSION = YES_AGGRESSIVE;
				CLANG_CXX_LANGUAGE_STANDARD = "gnu++17";
				CLANG_CXX_LIBRARY = "libc++";
				CLANG_ENABLE_MODULES = YES;
				CLANG_ENABLE_OBJC_ARC = YES;
				CLANG_ENABLE_OBJC_WEAK = YES;
				CLANG_WARN_BLOCK_CAPTURE_AUTORELEASING = YES;
				CLANG_WARN_BOOL_CONVERSION = YES;
				CLANG_WARN_COMMA = YES;
				CLANG_WARN_CONSTANT_CONVERSION = YES;
				CLANG_WARN_DEPRECATED_OBJC_IMPLEMENTATIONS = YES;
				CLANG_WARN_DIRECT_OBJC_ISA_USAGE = YES_ERROR;
				CLANG_WARN_DOCUMENTATION_COMMENTS = YES;
				CLANG_WARN_EMPTY_BODY = YES;
				CLANG_WARN_ENUM_CONVERSION = YES;
				CLANG_WARN_INFINITE_RECURSION = YES;
				CLANG_WARN_INT_CONVERSION = YES;
				CLANG_WARN_NON_LITERAL_NULL_CONVERSION = YES;
				CLANG_WARN_OBJC_IMPLICIT_RETAIN_SELF = YES;
				CLANG_WARN_OBJC_LITERAL_CONVERSION = YES;
				CLANG_WARN_OBJC_ROOT_CLASS = YES_ERROR;
				CLANG_WARN_QUOTED_INCLUDE_IN_FRAMEWORK_HEADER = YES;
				CLANG_WARN_RANGE_LOOP_ANALYSIS = YES;
				CLANG_WARN_STRICT_PROTOTYPES = YES;
				CLANG_WARN_SUSPICIOUS_MOVE = YES;
				CLANG_WARN_UNGUARDED_AVAILABILITY = YES_AGGRESSIVE;
				CLANG_WARN_UNREACHABLE_CODE = YES;
				CLANG_WARN__DUPLICATE_METHOD_MATCH = YES;
				COPY_PHASE_STRIP = NO;
				DEBUG_INFORMATION_FORMAT = dwarf;
				ENABLE_STRICT_OBJC_MSGSEND = YES;
				ENABLE_TESTABILITY = YES;
				GCC_C_LANGUAGE_STANDARD = gnu11;
				GCC_DYNAMIC_NO_PIC = NO;
				GCC_NO_COMMON_BLOCKS = YES;
				GCC_OPTIMIZATION_LEVEL = 0;
				GCC_PREPROCESSOR_DEFINITIONS = (
					"DEBUG=1",
					"$(inherited)",
				);
				GCC_WARN_64_TO_32_BIT_CONVERSION = YES;
				GCC_WARN_ABOUT_RETURN_TYPE = YES_ERROR;
				GCC_WARN_UNDECLARED_SELECTOR = YES;
				GCC_WARN_UNINITIALIZED_AUTOS = YES_AGGRESSIVE;
				GCC_WARN_UNUSED_FUNCTION = YES;
				GCC_WARN_UNUSED_VARIABLE = YES;
				IPHONEOS_DEPLOYMENT_TARGET = 15.2;
				MTL_ENABLE_DEBUG_INFO = INCLUDE_SOURCE;
				MTL_FAST_MATH = YES;
				ONLY_ACTIVE_ARCH = YES;
				SDKROOT = iphoneos;
				SWIFT_ACTIVE_COMPILATION_CONDITIONS = DEBUG;
				SWIFT_OPTIMIZATION_LEVEL = "-Onone";
			};
			name = Debug;
		};
		DC496D6527B8FE0300EF4CFF /* Release */ = {
			isa = XCBuildConfiguration;
			buildSettings = {
				ALWAYS_SEARCH_USER_PATHS = NO;
				CLANG_ANALYZER_NONNULL = YES;
				CLANG_ANALYZER_NUMBER_OBJECT_CONVERSION = YES_AGGRESSIVE;
				CLANG_CXX_LANGUAGE_STANDARD = "gnu++17";
				CLANG_CXX_LIBRARY = "libc++";
				CLANG_ENABLE_MODULES = YES;
				CLANG_ENABLE_OBJC_ARC = YES;
				CLANG_ENABLE_OBJC_WEAK = YES;
				CLANG_WARN_BLOCK_CAPTURE_AUTORELEASING = YES;
				CLANG_WARN_BOOL_CONVERSION = YES;
				CLANG_WARN_COMMA = YES;
				CLANG_WARN_CONSTANT_CONVERSION = YES;
				CLANG_WARN_DEPRECATED_OBJC_IMPLEMENTATIONS = YES;
				CLANG_WARN_DIRECT_OBJC_ISA_USAGE = YES_ERROR;
				CLANG_WARN_DOCUMENTATION_COMMENTS = YES;
				CLANG_WARN_EMPTY_BODY = YES;
				CLANG_WARN_ENUM_CONVERSION = YES;
				CLANG_WARN_INFINITE_RECURSION = YES;
				CLANG_WARN_INT_CONVERSION = YES;
				CLANG_WARN_NON_LITERAL_NULL_CONVERSION = YES;
				CLANG_WARN_OBJC_IMPLICIT_RETAIN_SELF = YES;
				CLANG_WARN_OBJC_LITERAL_CONVERSION = YES;
				CLANG_WARN_OBJC_ROOT_CLASS = YES_ERROR;
				CLANG_WARN_QUOTED_INCLUDE_IN_FRAMEWORK_HEADER = YES;
				CLANG_WARN_RANGE_LOOP_ANALYSIS = YES;
				CLANG_WARN_STRICT_PROTOTYPES = YES;
				CLANG_WARN_SUSPICIOUS_MOVE = YES;
				CLANG_WARN_UNGUARDED_AVAILABILITY = YES_AGGRESSIVE;
				CLANG_WARN_UNREACHABLE_CODE = YES;
				CLANG_WARN__DUPLICATE_METHOD_MATCH = YES;
				COPY_PHASE_STRIP = NO;
				DEBUG_INFORMATION_FORMAT = "dwarf-with-dsym";
				ENABLE_NS_ASSERTIONS = NO;
				ENABLE_STRICT_OBJC_MSGSEND = YES;
				GCC_C_LANGUAGE_STANDARD = gnu11;
				GCC_NO_COMMON_BLOCKS = YES;
				GCC_WARN_64_TO_32_BIT_CONVERSION = YES;
				GCC_WARN_ABOUT_RETURN_TYPE = YES_ERROR;
				GCC_WARN_UNDECLARED_SELECTOR = YES;
				GCC_WARN_UNINITIALIZED_AUTOS = YES_AGGRESSIVE;
				GCC_WARN_UNUSED_FUNCTION = YES;
				GCC_WARN_UNUSED_VARIABLE = YES;
				IPHONEOS_DEPLOYMENT_TARGET = 15.2;
				MTL_ENABLE_DEBUG_INFO = NO;
				MTL_FAST_MATH = YES;
				SDKROOT = iphoneos;
				SWIFT_COMPILATION_MODE = wholemodule;
				SWIFT_OPTIMIZATION_LEVEL = "-O";
				VALIDATE_PRODUCT = YES;
			};
			name = Release;
		};
		DC496D6727B8FE0300EF4CFF /* Debug */ = {
			isa = XCBuildConfiguration;
			baseConfigurationReference = 75197259237DD11ACCBCC3BD /* Pods-CarDownloadAssign.debug.xcconfig */;
			buildSettings = {
				ASSETCATALOG_COMPILER_APPICON_NAME = AppIcon;
				ASSETCATALOG_COMPILER_GLOBAL_ACCENT_COLOR_NAME = AccentColor;
				CODE_SIGN_STYLE = Automatic;
				CURRENT_PROJECT_VERSION = 1;
				GENERATE_INFOPLIST_FILE = YES;
				INFOPLIST_FILE = CarDownloadAssign/Info.plist;
				INFOPLIST_KEY_UIApplicationSupportsIndirectInputEvents = YES;
				INFOPLIST_KEY_UILaunchStoryboardName = LaunchScreen;
				INFOPLIST_KEY_UIMainStoryboardFile = Main;
				INFOPLIST_KEY_UISupportedInterfaceOrientations_iPad = "UIInterfaceOrientationPortrait UIInterfaceOrientationPortraitUpsideDown UIInterfaceOrientationLandscapeLeft UIInterfaceOrientationLandscapeRight";
				INFOPLIST_KEY_UISupportedInterfaceOrientations_iPhone = "UIInterfaceOrientationPortrait UIInterfaceOrientationLandscapeLeft UIInterfaceOrientationLandscapeRight";
				LD_RUNPATH_SEARCH_PATHS = (
					"$(inherited)",
					"@executable_path/Frameworks",
				);
				MARKETING_VERSION = 1.0;
				PRODUCT_BUNDLE_IDENTIFIER = Raghav.CarDownloadAssign;
				PRODUCT_NAME = "$(TARGET_NAME)";
				SWIFT_EMIT_LOC_STRINGS = YES;
				SWIFT_VERSION = 5.0;
				TARGETED_DEVICE_FAMILY = "1,2";
			};
			name = Debug;
		};
		DC496D6827B8FE0300EF4CFF /* Release */ = {
			isa = XCBuildConfiguration;
			baseConfigurationReference = AA448C3FC046B38B40911802 /* Pods-CarDownloadAssign.release.xcconfig */;
			buildSettings = {
				ASSETCATALOG_COMPILER_APPICON_NAME = AppIcon;
				ASSETCATALOG_COMPILER_GLOBAL_ACCENT_COLOR_NAME = AccentColor;
				CODE_SIGN_STYLE = Automatic;
				CURRENT_PROJECT_VERSION = 1;
				GENERATE_INFOPLIST_FILE = YES;
				INFOPLIST_FILE = CarDownloadAssign/Info.plist;
				INFOPLIST_KEY_UIApplicationSupportsIndirectInputEvents = YES;
				INFOPLIST_KEY_UILaunchStoryboardName = LaunchScreen;
				INFOPLIST_KEY_UIMainStoryboardFile = Main;
				INFOPLIST_KEY_UISupportedInterfaceOrientations_iPad = "UIInterfaceOrientationPortrait UIInterfaceOrientationPortraitUpsideDown UIInterfaceOrientationLandscapeLeft UIInterfaceOrientationLandscapeRight";
				INFOPLIST_KEY_UISupportedInterfaceOrientations_iPhone = "UIInterfaceOrientationPortrait UIInterfaceOrientationLandscapeLeft UIInterfaceOrientationLandscapeRight";
				LD_RUNPATH_SEARCH_PATHS = (
					"$(inherited)",
					"@executable_path/Frameworks",
				);
				MARKETING_VERSION = 1.0;
				PRODUCT_BUNDLE_IDENTIFIER = Raghav.CarDownloadAssign;
				PRODUCT_NAME = "$(TARGET_NAME)";
				SWIFT_EMIT_LOC_STRINGS = YES;
				SWIFT_VERSION = 5.0;
				TARGETED_DEVICE_FAMILY = "1,2";
			};
			name = Release;
		};
/* End XCBuildConfiguration section */

/* Begin XCConfigurationList section */
		DC496D4D27B8FE0200EF4CFF /* Build configuration list for PBXProject "CarDownloadAssign" */ = {
			isa = XCConfigurationList;
			buildConfigurations = (
				DC496D6427B8FE0300EF4CFF /* Debug */,
				DC496D6527B8FE0300EF4CFF /* Release */,
			);
			defaultConfigurationIsVisible = 0;
			defaultConfigurationName = Release;
		};
		DC496D6627B8FE0300EF4CFF /* Build configuration list for PBXNativeTarget "CarDownloadAssign" */ = {
			isa = XCConfigurationList;
			buildConfigurations = (
				DC496D6727B8FE0300EF4CFF /* Debug */,
				DC496D6827B8FE0300EF4CFF /* Release */,
			);
			defaultConfigurationIsVisible = 0;
			defaultConfigurationName = Release;
		};
/* End XCConfigurationList section */
	};
	rootObject = DC496D4A27B8FE0200EF4CFF /* Project object */;
}
